# This file is autogenerated, do not edit; changes may be undone by the next 'dep ensure'.


[[projects]]
  branch = "master"
  name = "github.com/karalabe/hid"
  packages = ["."]
  revision = "f00545f9f3748e591590be3732d913c77525b10f"
  source = "https://github.com/DDRBoxman/hid.git"

[solve-meta]
  analyzer-name = "dep"
  analyzer-version = 1
  inputs-digest = "5287a35335fbf5aa07d9ab19efeee281147447c519eee7ceb5f70c3838ca994e"
  solver-name = "gps-cdcl"
  solver-version = 1
